
Microsoft Visual Studio Solution File, Format Version 12.00
# Visual Studio Version 17
VisualStudioVersion = 17.2.32602.215
MinimumVisualStudioVersion = 10.0.40219.1
Project("{FAE04EC0-301F-11D3-BF4B-00C04F79EFBC}") = "MangaApi", "MangaApi\MangaApi.csproj", "{5C2A5B8F-58CF-49AF-836D-3A1E2EA7BC00}"
EndProject
Global
	GlobalSection(SolutionConfigurationPlatforms) = preSolution
		Debug|Any CPU = Debug|Any CPU
		Release|Any CPU = Release|Any CPU
	EndGlobalSection
	GlobalSection(ProjectConfigurationPlatforms) = postSolution
		{5C2A5B8F-58CF-49AF-836D-3A1E2EA7BC00}.Debug|Any CPU.ActiveCfg = Debug|Any CPU
		{5C2A5B8F-58CF-49AF-836D-3A1E2EA7BC00}.Debug|Any CPU.Build.0 = Debug|Any CPU
		{5C2A5B8F-58CF-49AF-836D-3A1E2EA7BC00}.Release|Any CPU.ActiveCfg = Release|Any CPU
		{5C2A5B8F-58CF-49AF-836D-3A1E2EA7BC00}.Release|Any CPU.Build.0 = Release|Any CPU
	EndGlobalSection
	GlobalSection(SolutionProperties) = preSolution
		HideSolutionNode = FALSE
	EndGlobalSection
	GlobalSection(ExtensibilityGlobals) = postSolution
		SolutionGuid = {AB9966B3-E7A3-4BC9-B5E6-9960A3FB98D1}
	EndGlobalSection
EndGlobal
